
Microsoft Visual Studio Solution File, Format Version 12.00
# Visual Studio Version 16
VisualStudioVersion = 16.0.30907.101
MinimumVisualStudioVersion = 10.0.40219.1
Project("{9A19103F-16F7-4668-BE54-9A1E7A4F7556}") = "PostmanTesting", "PostmanTesting\PostmanTesting.csproj", "{C8D12A06-7F54-4DB9-8BF3-9CE4F37EAED5}"
EndProject
Project("{2150E333-8FDC-42A3-9474-1A3956D46DE8}") = "Solution Items", "Solution Items", "{D6ADEF93-6BE2-44C9-B6DB-E7CAB8187C47}"
	ProjectSection(SolutionItems) = preProject
		.editorconfig = .editorconfig
	EndProjectSection
EndProject
Project("{9A19103F-16F7-4668-BE54-9A1E7A4F7556}") = "IdentityServer", "IdentityServer\IdentityServer.csproj", "{3A592C31-70DF-4778-9271-ED7E596F5C2D}"
EndProject
Project("{FAE04EC0-301F-11D3-BF4B-00C04F79EFBC}") = "InvoiceMaker", "InvoiceMaker\InvoiceMaker.csproj", "{285EC606-FAD4-4AA0-9E5B-2F76F64C7948}"
EndProject
Global
	GlobalSection(SolutionConfigurationPlatforms) = preSolution
		Debug|Any CPU = Debug|Any CPU
		Release|Any CPU = Release|Any CPU
	EndGlobalSection
	GlobalSection(ProjectConfigurationPlatforms) = postSolution
		{C8D12A06-7F54-4DB9-8BF3-9CE4F37EAED5}.Debug|Any CPU.ActiveCfg = Debug|Any CPU
		{C8D12A06-7F54-4DB9-8BF3-9CE4F37EAED5}.Debug|Any CPU.Build.0 = Debug|Any CPU
		{C8D12A06-7F54-4DB9-8BF3-9CE4F37EAED5}.Release|Any CPU.ActiveCfg = Release|Any CPU
		{C8D12A06-7F54-4DB9-8BF3-9CE4F37EAED5}.Release|Any CPU.Build.0 = Release|Any CPU
		{3A592C31-70DF-4778-9271-ED7E596F5C2D}.Debug|Any CPU.ActiveCfg = Debug|Any CPU
		{3A592C31-70DF-4778-9271-ED7E596F5C2D}.Debug|Any CPU.Build.0 = Debug|Any CPU
		{3A592C31-70DF-4778-9271-ED7E596F5C2D}.Release|Any CPU.ActiveCfg = Release|Any CPU
		{3A592C31-70DF-4778-9271-ED7E596F5C2D}.Release|Any CPU.Build.0 = Release|Any CPU
		{285EC606-FAD4-4AA0-9E5B-2F76F64C7948}.Debug|Any CPU.ActiveCfg = Debug|Any CPU
		{285EC606-FAD4-4AA0-9E5B-2F76F64C7948}.Debug|Any CPU.Build.0 = Debug|Any CPU
		{285EC606-FAD4-4AA0-9E5B-2F76F64C7948}.Release|Any CPU.ActiveCfg = Release|Any CPU
		{285EC606-FAD4-4AA0-9E5B-2F76F64C7948}.Release|Any CPU.Build.0 = Release|Any CPU
	EndGlobalSection
	GlobalSection(SolutionProperties) = preSolution
		HideSolutionNode = FALSE
	EndGlobalSection
	GlobalSection(ExtensibilityGlobals) = postSolution
		SolutionGuid = {9C212890-186F-40DF-82CB-DA65B7DB38D9}
	EndGlobalSection
EndGlobal
